
Microsoft Visual Studio Solution File, Format Version 12.00
# Visual Studio Version 17
VisualStudioVersion = 17.7.34009.444
MinimumVisualStudioVersion = 10.0.40219.1
Project("{FAE04EC0-301F-11D3-BF4B-00C04F79EFBC}") = "RegistrationLogin", "RegistrationLogin.csproj", "{C90E29E1-F831-4DE5-AF7E-5D2C024BEA56}"
EndProject
Global
	GlobalSection(SolutionConfigurationPlatforms) = preSolution
		Debug|Any CPU = Debug|Any CPU
		Release|Any CPU = Release|Any CPU
	EndGlobalSection
	GlobalSection(ProjectConfigurationPlatforms) = postSolution
		{C90E29E1-F831-4DE5-AF7E-5D2C024BEA56}.Debug|Any CPU.ActiveCfg = Debug|Any CPU
		{C90E29E1-F831-4DE5-AF7E-5D2C024BEA56}.Debug|Any CPU.Build.0 = Debug|Any CPU
		{C90E29E1-F831-4DE5-AF7E-5D2C024BEA56}.Release|Any CPU.ActiveCfg = Release|Any CPU
		{C90E29E1-F831-4DE5-AF7E-5D2C024BEA56}.Release|Any CPU.Build.0 = Release|Any CPU
	EndGlobalSection
	GlobalSection(SolutionProperties) = preSolution
		HideSolutionNode = FALSE
	EndGlobalSection
	GlobalSection(ExtensibilityGlobals) = postSolution
		SolutionGuid = {3CA54668-78BF-4C3B-B5BA-AF511991C209}
	EndGlobalSection
EndGlobal
